<?xml version="1.0" encoding="UTF-8"?>
<Scheme
   LastUpgradeVersion = "0450"
   version = "1.3">
   <BuildAction
      parallelizeBuildables = "YES"
      buildImplicitDependencies = "YES">
      <BuildActionEntries>
         <BuildActionEntry
            buildForTesting = "YES"
            buildForRunning = "YES"
            buildForProfiling = "YES"
            buildForArchiving = "YES"
            buildForAnalyzing = "YES">
            <BuildableReference
               BuildableIdentifier = "primary"
               BlueprintIdentifier = "0A5C7607136F2E850095365C"
               BuildableName = "express"
               BlueprintName = "express"
               ReferencedContainer = "container:express.xcodeproj">
            </BuildableReference>
         </BuildActionEntry>
      </BuildActionEntries>
   </BuildAction>
   <TestAction
      selectedDebuggerIdentifier = "Xcode.DebuggerFoundation.Debugger.LLDB"
      selectedLauncherIdentifier = "Xcode.DebuggerFoundation.Launcher.LLDB"
      shouldUseLaunchSchemeArgsEnv = "YES"
      buildConfiguration = "Debug">
      <Testables>
      </Testables>
      <MacroExpansion>
         <BuildableReference
            BuildableIdentifier = "primary"
            BlueprintIdentifier = "0A5C7607136F2E850095365C"
            BuildableName = "express"
            BlueprintName = "express"
            ReferencedContainer = "container:express.xcodeproj">
         </BuildableReference>
      </MacroExpansion>
   </TestAction>
   <LaunchAction
      selectedDebuggerIdentifier = "Xcode.DebuggerFoundation.Debugger.LLDB"
      selectedLauncherIdentifier = "Xcode.DebuggerFoundation.Launcher.LLDB"
      launchStyle = "0"
      useCustomWorkingDirectory = "NO"
      buildConfiguration = "Debug"
      ignoresPersistentStateOnLaunch = "NO"
      debugDocumentVersioning = "YES"
      allowLocationSimulation = "YES">
      <BuildableProductRunnable>
         <BuildableReference
            BuildableIdentifier = "primary"
            BlueprintIdentifier = "0A5C7607136F2E850095365C"
            BuildableName = "express"
            BlueprintName = "express"
            ReferencedContainer = "container:express.xcodeproj">
         </BuildableReference>
      </BuildableProductRunnable>
      <CommandLineArguments>
         <CommandLineArgument
            argument = "-o /Users/adarob/Dropbox/SeqData/xprs_out_0 /Users/adarob/Dropbox/SeqData/CeWS230_cds_transcripts.fa /Users/adarob/Desktop/Dfp_cdstranstrips_12-2-12_hits.bam"
            isEnabled = "NO">
         </CommandLineArgument>
         <CommandLineArgument
            argument = "--no-bias-correct --batch-mode --output-running-rounds --aux-param-file /Volumes/math.mcb.berkeley.edu/experiments/express/debug/bray/for_adam/params.xprs --prior-params /Volumes/math.mcb.berkeley.edu/experiments/express/debug/bray/for_adam/s5_HCT20631-T24-14.fpkm0 -o /Volumes/math.mcb.berkeley.edu/experiments/express/debug/bray/for_adam/xprs_out /Volumes/math.mcb.berkeley.edu/experiments/express/debug/bray/Homo_sapiens.GRCh37.70.cdna.pc.fa /Volumes/math.mcb.berkeley.edu/experiments/express/debug/bray/for_adam/s5_HCT20631-T24-14.bam"
            isEnabled = "NO">
         </CommandLineArgument>
         <CommandLineArgument
            argument = "--no-bias-correct --output-align-prob -o /Volumes/math.mcb.berkeley.edu/experiments/express/debug/ivan_out/ /Volumes/scratch/eXpress_9000bp_50.mm9_norandom.fa /Volumes/math.mcb.berkeley.edu/experiments/express/debug/ivan/CompareAlign/Sim_TBP.9000bp.k100_converted.sorted.bam"
            isEnabled = "NO">
         </CommandLineArgument>
         <CommandLineArgument
            argument = "--no-bias-correct -o /Users/adarob/Downloads/xprs_test /Users/adarob/Downloads/xprs_test/ppro_allHybERCC.fa /Users/adarob/Downloads/xprs_test/ppro454EM2pproAllHyb.bam"
            isEnabled = "YES">
         </CommandLineArgument>
         <CommandLineArgument
            argument = "--aux-param-file $(SRCROOT)/sample_data3/out2/params.xprs --frag-len-mean 250 --frag-len-stddev 50 -o $(SRCROOT)/sample_data3/out2 $(SRCROOT)/sample_data3/hox_ucsc.fa $(SRCROOT)/sample_data3/hits_1M.sam"
            isEnabled = "NO">
         </CommandLineArgument>
         <CommandLineArgument
            argument = "-B 2 --frag-len-mean 250 --frag-len-stddev 50 -o $(SRCROOT)/sample_data3/out2 $(SRCROOT)/sample_data3/hox_ucsc.fa $(SRCROOT)/sample_data3/hits_1M.sam"
            isEnabled = "NO">
         </CommandLineArgument>
         <CommandLineArgument
            argument = "--no-bias-correct -o hap -H /Volumes/math.mcb.berkeley.edu/experiments/ase/t1s1b0/hap.csv /Volumes/math.mcb.berkeley.edu/experiments/ase/t1s1b0/ugt3a2.fa /Volumes/math.mcb.berkeley.edu/experiments/ase/t1s1b0/hits.bam"
            isEnabled = "NO">
         </CommandLineArgument>
         <CommandLineArgument
            argument = "-B 2 -f 0.75 --no-bias-correct --output-running-reads -o $(SRCROOT)/sample_data2/out $(SRCROOT)/sample_data2/hg19-ucsc_transcripts.fa /Volumes/math.mcb.berkeley.edu/experiments/express/simulation/hg19_ucsc_bias_33/hits.bam"
            isEnabled = "NO">
         </CommandLineArgument>
         <CommandLineArgument
            argument = "-f 0.65 -o $(SRCROOT)/sample_data3/out --output-running-reads --no-bias-correct $(SRCROOT)/sample_data2/hg19-ucsc_transcripts.fa /Volumes/math.mcb.berkeley.edu/experiments/express/simulation/hg19_ucsc_err/hits.bam"
            isEnabled = "NO">
         </CommandLineArgument>
      </CommandLineArguments>
      <AdditionalOptions>
      </AdditionalOptions>
   </LaunchAction>
   <ProfileAction
      shouldUseLaunchSchemeArgsEnv = "YES"
      savedToolIdentifier = ""
      useCustomWorkingDirectory = "NO"
      buildConfiguration = "Release"
      debugDocumentVersioning = "YES">
      <BuildableProductRunnable>
         <BuildableReference
            BuildableIdentifier = "primary"
            BlueprintIdentifier = "0A5C7607136F2E850095365C"
            BuildableName = "express"
            BlueprintName = "express"
            ReferencedContainer = "container:express.xcodeproj">
         </BuildableReference>
      </BuildableProductRunnable>
   </ProfileAction>
   <AnalyzeAction
      buildConfiguration = "Debug">
   </AnalyzeAction>
   <ArchiveAction
      buildConfiguration = "Release"
      revealArchiveInOrganizer = "YES">
   </ArchiveAction>
</Scheme>
