// !$*UTF8*$!
{
	archiveVersion = 1;
	classes = {
	};
	objectVersion = 46;
	objects = {

/* Begin PBXBuildFile section */
		0A2D58911405F128008891E7 /* libboost_program_options.a in Frameworks */ = {isa = PBXBuildFile; fileRef = 0A2D58901405F128008891E7 /* libboost_program_options.a */; };
		0A5C7638136F2EF10095365C /* biascorrection.cpp in Sources */ = {isa = PBXBuildFile; fileRef = 0A5C762A136F2EF10095365C /* biascorrection.cpp */; };
		0A5C7639136F2EF10095365C /* fld.cpp in Sources */ = {isa = PBXBuildFile; fileRef = 0A5C762C136F2EF10095365C /* fld.cpp */; };
		0A5C763A136F2EF10095365C /* fragments.cpp in Sources */ = {isa = PBXBuildFile; fileRef = 0A5C762E136F2EF10095365C /* fragments.cpp */; };
		0A5C763B136F2EF10095365C /* frequencymatrix.cpp in Sources */ = {isa = PBXBuildFile; fileRef = 0A5C7630136F2EF10095365C /* frequencymatrix.cpp */; };
		0A5C763C136F2EF10095365C /* main.cpp in Sources */ = {isa = PBXBuildFile; fileRef = 0A5C7632136F2EF10095365C /* main.cpp */; };
		0A5C763D136F2EF10095365C /* mismatchmodel.cpp in Sources */ = {isa = PBXBuildFile; fileRef = 0A5C7634136F2EF10095365C /* mismatchmodel.cpp */; };
		0A5C763E136F2EF10095365C /* transcripts.cpp in Sources */ = {isa = PBXBuildFile; fileRef = 0A5C7636136F2EF10095365C /* transcripts.cpp */; };
		0A60597313A170A400B5C9BA /* libboost_thread-mt.a in Frameworks */ = {isa = PBXBuildFile; fileRef = 0A60597213A170A400B5C9BA /* libboost_thread-mt.a */; };
		0A60597513A170AD00B5C9BA /* libboost_filesystem.a in Frameworks */ = {isa = PBXBuildFile; fileRef = 0A60597413A170AD00B5C9BA /* libboost_filesystem.a */; };
		0A60597713A1753B00B5C9BA /* libboost_system.a in Frameworks */ = {isa = PBXBuildFile; fileRef = 0A60597613A1753B00B5C9BA /* libboost_system.a */; };
		0AD5968913FF20C700EEBDD7 /* mapparser.cpp in Sources */ = {isa = PBXBuildFile; fileRef = 0AD5968813FF20C700EEBDD7 /* mapparser.cpp */; };
		0AD5969113FF304E00EEBDD7 /* libbamtools.a in Frameworks */ = {isa = PBXBuildFile; fileRef = 0AD5969013FF304E00EEBDD7 /* libbamtools.a */; };
/* End PBXBuildFile section */

/* Begin PBXCopyFilesBuildPhase section */
		0A5C7606136F2E850095365C /* CopyFiles */ = {
			isa = PBXCopyFilesBuildPhase;
			buildActionMask = 2147483647;
			dstPath = /usr/share/man/man1/;
			dstSubfolderSpec = 0;
			files = (
			);
			runOnlyForDeploymentPostprocessing = 1;
		};
/* End PBXCopyFilesBuildPhase section */

/* Begin PBXFileReference section */
		0A2D58901405F128008891E7 /* libboost_program_options.a */ = {isa = PBXFileReference; lastKnownFileType = archive.ar; name = libboost_program_options.a; path = ../../../../../../opt/local/lib/libboost_program_options.a; sourceTree = "<group>"; };
		0A5C7608136F2E850095365C /* express */ = {isa = PBXFileReference; explicitFileType = "compiled.mach-o.executable"; includeInIndex = 0; path = express; sourceTree = BUILT_PRODUCTS_DIR; };
		0A5C762A136F2EF10095365C /* biascorrection.cpp */ = {isa = PBXFileReference; fileEncoding = 4; lastKnownFileType = sourcecode.cpp.cpp; path = biascorrection.cpp; sourceTree = "<group>"; };
		0A5C762B136F2EF10095365C /* biascorrection.h */ = {isa = PBXFileReference; fileEncoding = 4; lastKnownFileType = sourcecode.c.h; path = biascorrection.h; sourceTree = "<group>"; };
		0A5C762C136F2EF10095365C /* fld.cpp */ = {isa = PBXFileReference; fileEncoding = 4; lastKnownFileType = sourcecode.cpp.cpp; path = fld.cpp; sourceTree = "<group>"; };
		0A5C762D136F2EF10095365C /* fld.h */ = {isa = PBXFileReference; fileEncoding = 4; lastKnownFileType = sourcecode.c.h; path = fld.h; sourceTree = "<group>"; };
		0A5C762E136F2EF10095365C /* fragments.cpp */ = {isa = PBXFileReference; fileEncoding = 4; lastKnownFileType = sourcecode.cpp.cpp; path = fragments.cpp; sourceTree = "<group>"; };
		0A5C762F136F2EF10095365C /* fragments.h */ = {isa = PBXFileReference; fileEncoding = 4; lastKnownFileType = sourcecode.c.h; path = fragments.h; sourceTree = "<group>"; };
		0A5C7630136F2EF10095365C /* frequencymatrix.cpp */ = {isa = PBXFileReference; fileEncoding = 4; lastKnownFileType = sourcecode.cpp.cpp; path = frequencymatrix.cpp; sourceTree = "<group>"; };
		0A5C7631136F2EF10095365C /* frequencymatrix.h */ = {isa = PBXFileReference; fileEncoding = 4; lastKnownFileType = sourcecode.c.h; path = frequencymatrix.h; sourceTree = "<group>"; };
		0A5C7632136F2EF10095365C /* main.cpp */ = {isa = PBXFileReference; fileEncoding = 4; lastKnownFileType = sourcecode.cpp.cpp; lineEnding = 0; path = main.cpp; sourceTree = "<group>"; xcLanguageSpecificationIdentifier = xcode.lang.cpp; };
		0A5C7633136F2EF10095365C /* main.h */ = {isa = PBXFileReference; fileEncoding = 4; lastKnownFileType = sourcecode.c.h; lineEnding = 0; path = main.h; sourceTree = "<group>"; xcLanguageSpecificationIdentifier = xcode.lang.objcpp; };
		0A5C7634136F2EF10095365C /* mismatchmodel.cpp */ = {isa = PBXFileReference; fileEncoding = 4; lastKnownFileType = sourcecode.cpp.cpp; lineEnding = 0; path = mismatchmodel.cpp; sourceTree = "<group>"; xcLanguageSpecificationIdentifier = xcode.lang.cpp; };
		0A5C7635136F2EF10095365C /* mismatchmodel.h */ = {isa = PBXFileReference; fileEncoding = 4; lastKnownFileType = sourcecode.c.h; path = mismatchmodel.h; sourceTree = "<group>"; };
		0A5C7636136F2EF10095365C /* transcripts.cpp */ = {isa = PBXFileReference; fileEncoding = 4; lastKnownFileType = sourcecode.cpp.cpp; lineEnding = 0; path = transcripts.cpp; sourceTree = "<group>"; xcLanguageSpecificationIdentifier = xcode.lang.cpp; };
		0A5C7637136F2EF10095365C /* transcripts.h */ = {isa = PBXFileReference; fileEncoding = 4; lastKnownFileType = sourcecode.c.h; path = transcripts.h; sourceTree = "<group>"; };
		0A60597213A170A400B5C9BA /* libboost_thread-mt.a */ = {isa = PBXFileReference; lastKnownFileType = archive.ar; name = "libboost_thread-mt.a"; path = "../../../../../../opt/local/lib/libboost_thread-mt.a"; sourceTree = "<group>"; };
		0A60597413A170AD00B5C9BA /* libboost_filesystem.a */ = {isa = PBXFileReference; lastKnownFileType = archive.ar; name = libboost_filesystem.a; path = ../../../../../../opt/local/lib/libboost_filesystem.a; sourceTree = "<group>"; };
		0A60597613A1753B00B5C9BA /* libboost_system.a */ = {isa = PBXFileReference; lastKnownFileType = archive.ar; name = libboost_system.a; path = ../../../../../../opt/local/lib/libboost_system.a; sourceTree = "<group>"; };
		0AD5968713FF20B900EEBDD7 /* mapparser.h */ = {isa = PBXFileReference; fileEncoding = 4; lastKnownFileType = sourcecode.c.h; path = mapparser.h; sourceTree = "<group>"; };
		0AD5968813FF20C700EEBDD7 /* mapparser.cpp */ = {isa = PBXFileReference; fileEncoding = 4; lastKnownFileType = sourcecode.cpp.cpp; path = mapparser.cpp; sourceTree = "<group>"; };
		0AD5969013FF304E00EEBDD7 /* libbamtools.a */ = {isa = PBXFileReference; lastKnownFileType = archive.ar; name = libbamtools.a; path = ../bamtools/lib/libbamtools.a; sourceTree = "<group>"; };
/* End PBXFileReference section */

/* Begin PBXFrameworksBuildPhase section */
		0A5C7605136F2E850095365C /* Frameworks */ = {
			isa = PBXFrameworksBuildPhase;
			buildActionMask = 2147483647;
			files = (
				0A60597313A170A400B5C9BA /* libboost_thread-mt.a in Frameworks */,
				0A60597513A170AD00B5C9BA /* libboost_filesystem.a in Frameworks */,
				0A60597713A1753B00B5C9BA /* libboost_system.a in Frameworks */,
				0AD5969113FF304E00EEBDD7 /* libbamtools.a in Frameworks */,
				0A2D58911405F128008891E7 /* libboost_program_options.a in Frameworks */,
			);
			runOnlyForDeploymentPostprocessing = 0;
		};
/* End PBXFrameworksBuildPhase section */

/* Begin PBXGroup section */
		0A5C75FD136F2E850095365C = {
			isa = PBXGroup;
			children = (
				0A2D58901405F128008891E7 /* libboost_program_options.a */,
				0AD5969013FF304E00EEBDD7 /* libbamtools.a */,
				0A60597613A1753B00B5C9BA /* libboost_system.a */,
				0A60597413A170AD00B5C9BA /* libboost_filesystem.a */,
				0A60597213A170A400B5C9BA /* libboost_thread-mt.a */,
				0A5C7629136F2EF10095365C /* src */,
				0A5C7609136F2E850095365C /* Products */,
			);
			sourceTree = "<group>";
		};
		0A5C7609136F2E850095365C /* Products */ = {
			isa = PBXGroup;
			children = (
				0A5C7608136F2E850095365C /* express */,
			);
			name = Products;
			sourceTree = "<group>";
		};
		0A5C7629136F2EF10095365C /* src */ = {
			isa = PBXGroup;
			children = (
				0A5C762A136F2EF10095365C /* biascorrection.cpp */,
				0A5C762B136F2EF10095365C /* biascorrection.h */,
				0A5C762C136F2EF10095365C /* fld.cpp */,
				0A5C762D136F2EF10095365C /* fld.h */,
				0A5C762E136F2EF10095365C /* fragments.cpp */,
				0A5C762F136F2EF10095365C /* fragments.h */,
				0A5C7630136F2EF10095365C /* frequencymatrix.cpp */,
				0A5C7631136F2EF10095365C /* frequencymatrix.h */,
				0A5C7632136F2EF10095365C /* main.cpp */,
				0A5C7633136F2EF10095365C /* main.h */,
				0A5C7634136F2EF10095365C /* mismatchmodel.cpp */,
				0A5C7635136F2EF10095365C /* mismatchmodel.h */,
				0A5C7636136F2EF10095365C /* transcripts.cpp */,
				0A5C7637136F2EF10095365C /* transcripts.h */,
				0AD5968713FF20B900EEBDD7 /* mapparser.h */,
				0AD5968813FF20C700EEBDD7 /* mapparser.cpp */,
			);
			path = src;
			sourceTree = "<group>";
		};
/* End PBXGroup section */

/* Begin PBXNativeTarget section */
		0A5C7607136F2E850095365C /* cuffexpress */ = {
			isa = PBXNativeTarget;
			buildConfigurationList = 0A5C7611136F2E850095365C /* Build configuration list for PBXNativeTarget "cuffexpress" */;
			buildPhases = (
				0A5C7604136F2E850095365C /* Sources */,
				0A5C7605136F2E850095365C /* Frameworks */,
				0A5C7606136F2E850095365C /* CopyFiles */,
			);
			buildRules = (
			);
			dependencies = (
			);
			name = cuffexpress;
			productName = cuffexpress;
			productReference = 0A5C7608136F2E850095365C /* express */;
			productType = "com.apple.product-type.tool";
		};
/* End PBXNativeTarget section */

/* Begin PBXProject section */
		0A5C75FF136F2E850095365C /* Project object */ = {
			isa = PBXProject;
			attributes = {
				LastUpgradeCheck = 0410;
			};
			buildConfigurationList = 0A5C7602136F2E850095365C /* Build configuration list for PBXProject "cuffexpress" */;
			compatibilityVersion = "Xcode 3.2";
			developmentRegion = English;
			hasScannedForEncodings = 0;
			knownRegions = (
				en,
			);
			mainGroup = 0A5C75FD136F2E850095365C;
			productRefGroup = 0A5C7609136F2E850095365C /* Products */;
			projectDirPath = "";
			projectRoot = "";
			targets = (
				0A5C7607136F2E850095365C /* cuffexpress */,
			);
		};
/* End PBXProject section */

/* Begin PBXSourcesBuildPhase section */
		0A5C7604136F2E850095365C /* Sources */ = {
			isa = PBXSourcesBuildPhase;
			buildActionMask = 2147483647;
			files = (
				0A5C7638136F2EF10095365C /* biascorrection.cpp in Sources */,
				0A5C7639136F2EF10095365C /* fld.cpp in Sources */,
				0A5C763A136F2EF10095365C /* fragments.cpp in Sources */,
				0A5C763B136F2EF10095365C /* frequencymatrix.cpp in Sources */,
				0A5C763C136F2EF10095365C /* main.cpp in Sources */,
				0A5C763D136F2EF10095365C /* mismatchmodel.cpp in Sources */,
				0A5C763E136F2EF10095365C /* transcripts.cpp in Sources */,
				0AD5968913FF20C700EEBDD7 /* mapparser.cpp in Sources */,
			);
			runOnlyForDeploymentPostprocessing = 0;
		};
/* End PBXSourcesBuildPhase section */

/* Begin XCBuildConfiguration section */
		0A5C760F136F2E850095365C /* Debug */ = {
			isa = XCBuildConfiguration;
			buildSettings = {
				ARCHS = "$(ARCHS_STANDARD_32_64_BIT)";
				GCC_C_LANGUAGE_STANDARD = gnu99;
				GCC_OPTIMIZATION_LEVEL = 0;
				GCC_PREPROCESSOR_DEFINITIONS = DEBUG;
				GCC_SYMBOLS_PRIVATE_EXTERN = NO;
				GCC_VERSION = com.apple.compilers.llvm.clang.1_0;
				GCC_WARN_64_TO_32_BIT_CONVERSION = YES;
				GCC_WARN_ABOUT_RETURN_TYPE = YES;
				GCC_WARN_UNUSED_VARIABLE = YES;
				MACOSX_DEPLOYMENT_TARGET = 10.6;
				ONLY_ACTIVE_ARCH = YES;
				SDKROOT = macosx;
			};
			name = Debug;
		};
		0A5C7610136F2E850095365C /* Release */ = {
			isa = XCBuildConfiguration;
			buildSettings = {
				ARCHS = "$(ARCHS_STANDARD_32_64_BIT)";
				GCC_C_LANGUAGE_STANDARD = gnu99;
				GCC_VERSION = com.apple.compilers.llvm.clang.1_0;
				GCC_WARN_64_TO_32_BIT_CONVERSION = YES;
				GCC_WARN_ABOUT_RETURN_TYPE = YES;
				GCC_WARN_UNUSED_VARIABLE = YES;
				MACOSX_DEPLOYMENT_TARGET = 10.6;
				ONLY_ACTIVE_ARCH = YES;
				SDKROOT = macosx;
			};
			name = Release;
		};
		0A5C7612136F2E850095365C /* Debug */ = {
			isa = XCBuildConfiguration;
			buildSettings = {
				ALWAYS_SEARCH_USER_PATHS = NO;
				COPY_PHASE_STRIP = NO;
				GCC_DYNAMIC_NO_PIC = NO;
				GCC_ENABLE_OBJC_EXCEPTIONS = YES;
				GCC_VERSION = com.apple.compilers.llvm.clang.1_0;
				HEADER_SEARCH_PATHS = (
					/Users/adarob/projects/tuxedo/devel/bamtools/include,
					/usr/local/include,
					/opt/local/include,
				);
				LIBRARY_SEARCH_PATHS = (
					/Users/adarob/projects/tuxedo/devel/bamtools/lib,
					/usr/local/lib,
					/opt/local/lib,
					"\"$(SRCROOT)/../bamtools/lib\"",
				);
				PRODUCT_NAME = express;
			};
			name = Debug;
		};
		0A5C7613136F2E850095365C /* Release */ = {
			isa = XCBuildConfiguration;
			buildSettings = {
				ALWAYS_SEARCH_USER_PATHS = NO;
				COPY_PHASE_STRIP = YES;
				DEBUG_INFORMATION_FORMAT = "dwarf-with-dsym";
				GCC_ENABLE_OBJC_EXCEPTIONS = YES;
				GCC_VERSION = com.apple.compilers.llvm.clang.1_0;
				HEADER_SEARCH_PATHS = (
					/Users/adarob/projects/tuxedo/devel/bamtools/include,
					/usr/local/include,
					/opt/local/include,
				);
				LIBRARY_SEARCH_PATHS = (
					/Users/adarob/projects/tuxedo/devel/bamtools/lib,
					/usr/local/lib,
					/opt/local/lib,
					"\"$(SRCROOT)/../bamtools/lib\"",
				);
				PRODUCT_NAME = express;
			};
			name = Release;
		};
/* End XCBuildConfiguration section */

/* Begin XCConfigurationList section */
		0A5C7602136F2E850095365C /* Build configuration list for PBXProject "cuffexpress" */ = {
			isa = XCConfigurationList;
			buildConfigurations = (
				0A5C760F136F2E850095365C /* Debug */,
				0A5C7610136F2E850095365C /* Release */,
			);
			defaultConfigurationIsVisible = 0;
			defaultConfigurationName = Release;
		};
		0A5C7611136F2E850095365C /* Build configuration list for PBXNativeTarget "cuffexpress" */ = {
			isa = XCConfigurationList;
			buildConfigurations = (
				0A5C7612136F2E850095365C /* Debug */,
				0A5C7613136F2E850095365C /* Release */,
			);
			defaultConfigurationIsVisible = 0;
			defaultConfigurationName = Release;
		};
/* End XCConfigurationList section */
	};
	rootObject = 0A5C75FF136F2E850095365C /* Project object */;
}
